<?xml version="1.0" encoding="utf-8"?>
<Project ToolsVersion="4.0" xmlns="http://schemas.microsoft.com/developer/msbuild/2003">
  <ItemGroup>
    <Filter Include="Source Files">
      <UniqueIdentifier>{c687eb6f-369a-4973-af0f-0e23ffee2dbb}</UniqueIdentifier>
      <Extensions>cpp;c;cxx;rc;def;r;odl;idl;hpj;bat</Extensions>
    </Filter>
    <Filter Include="Header Files">
      <UniqueIdentifier>{b4bc8289-bfcc-43de-8b83-3adcf4c98e1c}</UniqueIdentifier>
      <Extensions>h;hpp;hxx;hm;inl</Extensions>
    </Filter>
    <Filter Include="Resource Files">
      <UniqueIdentifier>{d2d02770-d4a7-4843-b7cb-59542d826ef7}</UniqueIdentifier>
      <Extensions>ico;cur;bmp;dlg;rc2;rct;bin;rgs;gif;jpg;jpeg;jpe</Extensions>
    </Filter>
  </ItemGroup>
  <ItemGroup>
    <ClCompile Include="3DUtils.cpp">
      <Filter>Source Files</Filter>
    </ClCompile>
    <ClCompile Include="col_response.cpp">
      <Filter>Source Files</Filter>
    </ClCompile>
    <ClCompile Include="col_step.cpp">
      <Filter>Source Files</Filter>
    </ClCompile>
    <ClCompile Include="col_types.cpp">
      <Filter>Source Files</Filter>
    </ClCompile>
    <ClCompile Include="coll.cpp">
      <Filter>Source Files</Filter>
    </ClCompile>
    <ClCompile Include="Controls.cpp">
      <Filter>Source Files</Filter>
    </ClCompile>
    <ClCompile Include="d3dapp.cpp">
      <Filter>Source Files</Filter>
    </ClCompile>
    <ClCompile Include="d3denum.cpp">
      <Filter>Source Files</Filter>
    </ClCompile>
    <ClCompile Include="d3dfile.cpp">
      <Filter>Source Files</Filter>
    </ClCompile>
    <ClCompile Include="d3dframe.cpp">
      <Filter>Source Files</Filter>
    </ClCompile>
    <ClCompile Include="d3dmath.cpp">
      <Filter>Source Files</Filter>
    </ClCompile>
    <ClCompile Include="d3dtextr.cpp">
      <Filter>Source Files</Filter>
    </ClCompile>
    <ClCompile Include="d3dutil.cpp">
      <Filter>Source Files</Filter>
    </ClCompile>
    <ClCompile Include="Files.cpp">
      <Filter>Source Files</Filter>
    </ClCompile>
    <ClCompile Include="IceRevisitedRadix.cpp">
      <Filter>Source Files</Filter>
    </ClCompile>
    <ClCompile Include="Import3DS.cpp">
      <Filter>Source Files</Filter>
    </ClCompile>
    <ClCompile Include="ImportMD2.cpp">
      <Filter>Source Files</Filter>
    </ClCompile>
    <ClCompile Include="info.cpp">
      <Filter>Source Files</Filter>
    </ClCompile>
    <ClCompile Include="LoadWorld.cpp">
      <Filter>Source Files</Filter>
    </ClCompile>
    <ClCompile Include="playsound.cpp">
      <Filter>Source Files</Filter>
    </ClCompile>
    <ClCompile Include="Register.cpp">
      <Filter>Source Files</Filter>
    </ClCompile>
    <ClCompile Include="DungeonStomp.cpp">
      <Filter>Source Files</Filter>
    </ClCompile>
    <ClCompile Include="Sound.cpp">
      <Filter>Source Files</Filter>
    </ClCompile>
    <ClCompile Include="t3dlib3.cpp">
      <Filter>Source Files</Filter>
    </ClCompile>
    <ClCompile Include="vectormath.cpp">
      <Filter>Source Files</Filter>
    </ClCompile>
    <ClCompile Include="wavread.cpp">
      <Filter>Source Files</Filter>
    </ClCompile>
    <ClCompile Include="DungeonStompHelper.cpp">
      <Filter>Source Files</Filter>
    </ClCompile>
  </ItemGroup>
  <ItemGroup>
    <ClInclude Include="RayPlaneLine.h">
      <Filter>Source Files</Filter>
    </ClInclude>
    <ClInclude Include="3Dengine.hpp">
      <Filter>Header Files</Filter>
    </ClInclude>
    <ClInclude Include="3DUtils.h">
      <Filter>Header Files</Filter>
    </ClInclude>
    <ClInclude Include="bitmap.hpp">
      <Filter>Header Files</Filter>
    </ClInclude>
    <ClInclude Include="col_global.h">
      <Filter>Header Files</Filter>
    </ClInclude>
    <ClInclude Include="col_local.h">
      <Filter>Header Files</Filter>
    </ClInclude>
    <ClInclude Include="coll.h">
      <Filter>Header Files</Filter>
    </ClInclude>
    <ClInclude Include="Collision.hpp">
      <Filter>Header Files</Filter>
    </ClInclude>
    <ClInclude Include="Common.h">
      <Filter>Header Files</Filter>
    </ClInclude>
    <ClInclude Include="Controls.hpp">
      <Filter>Header Files</Filter>
    </ClInclude>
    <ClInclude Include="d3dframe.h">
      <Filter>Header Files</Filter>
    </ClInclude>
    <ClInclude Include="dplay2.hpp">
      <Filter>Header Files</Filter>
    </ClInclude>
    <ClInclude Include="DpMessages.hpp">
      <Filter>Header Files</Filter>
    </ClInclude>
    <ClInclude Include="GlobalSettings.hpp">
      <Filter>Header Files</Filter>
    </ClInclude>
    <ClInclude Include="IceRevisitedRadix.h">
      <Filter>Header Files</Filter>
    </ClInclude>
    <ClInclude Include="IceTypes.h">
      <Filter>Header Files</Filter>
    </ClInclude>
    <ClInclude Include="Import3DS.hpp">
      <Filter>Header Files</Filter>
    </ClInclude>
    <ClInclude Include="ImportMD2.hpp">
      <Filter>Header Files</Filter>
    </ClInclude>
    <ClInclude Include="info.hpp">
      <Filter>Header Files</Filter>
    </ClInclude>
    <ClInclude Include="LoadWorld.hpp">
      <Filter>Header Files</Filter>
    </ClInclude>
    <ClInclude Include="prag.h">
      <Filter>Header Files</Filter>
    </ClInclude>
    <ClInclude Include="Primitive.h">
      <Filter>Header Files</Filter>
    </ClInclude>
    <ClInclude Include="resource.h">
      <Filter>Header Files</Filter>
    </ClInclude>
    <ClInclude Include="DungeonStomp.hpp">
      <Filter>Header Files</Filter>
    </ClInclude>
    <ClInclude Include="StdAfx.h">
      <Filter>Header Files</Filter>
    </ClInclude>
    <ClInclude Include="t3dlib3.h">
      <Filter>Header Files</Filter>
    </ClInclude>
    <ClInclude Include="vectormath.h">
      <Filter>Header Files</Filter>
    </ClInclude>
    <ClInclude Include="Vertex.h">
      <Filter>Header Files</Filter>
    </ClInclude>
    <ClInclude Include="VMath.h">
      <Filter>Header Files</Filter>
    </ClInclude>
    <ClInclude Include="world.hpp">
      <Filter>Header Files</Filter>
    </ClInclude>
  </ItemGroup>
  <ItemGroup>
    <ResourceCompile Include="winmain.rc">
      <Filter>Source Files</Filter>
    </ResourceCompile>
  </ItemGroup>
  <ItemGroup>
    <Image Include="directx.ico">
      <Filter>Resource Files</Filter>
    </Image>
    <Image Include="icon1.ico">
      <Filter>Resource Files</Filter>
    </Image>
  </ItemGroup>
</Project>